// !$*UTF8*$!
{
	archiveVersion = 1;
	classes = {
	};
	objectVersion = 56;
	objects = {

/* Begin PBXBuildFile section */
		A910FBCE2A5D86CF00D74FFF /* Little_LemonApp.swift in Sources */ = {isa = PBXBuildFile; fileRef = A910FBCD2A5D86CF00D74FFF /* Little_LemonApp.swift */; };
		A910FBD22A5D86D000D74FFF /* Assets.xcassets in Resources */ = {isa = PBXBuildFile; fileRef = A910FBD12A5D86D000D74FFF /* Assets.xcassets */; };
		A910FBD52A5D86D000D74FFF /* Preview Assets.xcassets in Resources */ = {isa = PBXBuildFile; fileRef = A910FBD42A5D86D000D74FFF /* Preview Assets.xcassets */; };
		A910FBDE2A5DE16D00D74FFF /* Onboarding.swift in Sources */ = {isa = PBXBuildFile; fileRef = A910FBDD2A5DE16D00D74FFF /* Onboarding.swift */; };
		A910FBE02A5DE26F00D74FFF /* Home.swift in Sources */ = {isa = PBXBuildFile; fileRef = A910FBDF2A5DE26F00D74FFF /* Home.swift */; };
		A910FBE22A5DE91800D74FFF /* Menu.swift in Sources */ = {isa = PBXBuildFile; fileRef = A910FBE12A5DE91800D74FFF /* Menu.swift */; };
		A910FBE42A5DE9C500D74FFF /* UserProfile.swift in Sources */ = {isa = PBXBuildFile; fileRef = A910FBE32A5DE9C500D74FFF /* UserProfile.swift */; };
		A910FBE62A5DEB3B00D74FFF /* Model.swift in Sources */ = {isa = PBXBuildFile; fileRef = A910FBE52A5DEB3B00D74FFF /* Model.swift */; };
		A910FC222A5DED1500D74FFF /* FetchedObjects.swift in Sources */ = {isa = PBXBuildFile; fileRef = A910FBFF2A5DED1500D74FFF /* FetchedObjects.swift */; };
		A910FC242A5DED1500D74FFF /* ExampleDatabase.xcdatamodeld in Sources */ = {isa = PBXBuildFile; fileRef = A910FC012A5DED1500D74FFF /* ExampleDatabase.xcdatamodeld */; };
		A910FC282A5DED1500D74FFF /* Dish+CoreDataClass.swift in Sources */ = {isa = PBXBuildFile; fileRef = A910FC062A5DED1500D74FFF /* Dish+CoreDataClass.swift */; };
		A910FC2A2A5DED1500D74FFF /* Dish+CoreDataProperties.swift in Sources */ = {isa = PBXBuildFile; fileRef = A910FC082A5DED1500D74FFF /* Dish+CoreDataProperties.swift */; };
		A910FC382A5DEE7000D74FFF /* Persistence.swift in Sources */ = {isa = PBXBuildFile; fileRef = A910FC372A5DEE7000D74FFF /* Persistence.swift */; };
		A9ED35A72A5EDEBA00C9BEC8 /* DishCell.swift in Sources */ = {isa = PBXBuildFile; fileRef = A9ED35A62A5EDEBA00C9BEC8 /* DishCell.swift */; };
		A9ED35AB2A5F1F3900C9BEC8 /* DishDetail.swift in Sources */ = {isa = PBXBuildFile; fileRef = A9ED35AA2A5F1F3900C9BEC8 /* DishDetail.swift */; };
/* End PBXBuildFile section */

/* Begin PBXFileReference section */
		A910FBCA2A5D86CF00D74FFF /* Little Lemon.app */ = {isa = PBXFileReference; explicitFileType = wrapper.application; includeInIndex = 0; path = "Little Lemon.app"; sourceTree = BUILT_PRODUCTS_DIR; };
		A910FBCD2A5D86CF00D74FFF /* Little_LemonApp.swift */ = {isa = PBXFileReference; lastKnownFileType = sourcecode.swift; path = Little_LemonApp.swift; sourceTree = "<group>"; };
		A910FBD12A5D86D000D74FFF /* Assets.xcassets */ = {isa = PBXFileReference; lastKnownFileType = folder.assetcatalog; path = Assets.xcassets; sourceTree = "<group>"; };
		A910FBD42A5D86D000D74FFF /* Preview Assets.xcassets */ = {isa = PBXFileReference; lastKnownFileType = folder.assetcatalog; path = "Preview Assets.xcassets"; sourceTree = "<group>"; };
		A910FBDD2A5DE16D00D74FFF /* Onboarding.swift */ = {isa = PBXFileReference; fileEncoding = 4; lastKnownFileType = sourcecode.swift; path = Onboarding.swift; sourceTree = "<group>"; };
		A910FBDF2A5DE26F00D74FFF /* Home.swift */ = {isa = PBXFileReference; fileEncoding = 4; lastKnownFileType = sourcecode.swift; path = Home.swift; sourceTree = "<group>"; };
		A910FBE12A5DE91800D74FFF /* Menu.swift */ = {isa = PBXFileReference; fileEncoding = 4; lastKnownFileType = sourcecode.swift; path = Menu.swift; sourceTree = "<group>"; };
		A910FBE32A5DE9C500D74FFF /* UserProfile.swift */ = {isa = PBXFileReference; fileEncoding = 4; lastKnownFileType = sourcecode.swift; path = UserProfile.swift; sourceTree = "<group>"; };
		A910FBE52A5DEB3B00D74FFF /* Model.swift */ = {isa = PBXFileReference; fileEncoding = 4; lastKnownFileType = sourcecode.swift; path = Model.swift; sourceTree = "<group>"; };
		A910FBFF2A5DED1500D74FFF /* FetchedObjects.swift */ = {isa = PBXFileReference; fileEncoding = 4; lastKnownFileType = sourcecode.swift; path = FetchedObjects.swift; sourceTree = "<group>"; };
		A910FC022A5DED1500D74FFF /* MyApp.xcdatamodel */ = {isa = PBXFileReference; lastKnownFileType = wrapper.xcdatamodel; path = MyApp.xcdatamodel; sourceTree = "<group>"; };
		A910FC062A5DED1500D74FFF /* Dish+CoreDataClass.swift */ = {isa = PBXFileReference; fileEncoding = 4; lastKnownFileType = sourcecode.swift; path = "Dish+CoreDataClass.swift"; sourceTree = "<group>"; };
		A910FC082A5DED1500D74FFF /* Dish+CoreDataProperties.swift */ = {isa = PBXFileReference; fileEncoding = 4; lastKnownFileType = sourcecode.swift; path = "Dish+CoreDataProperties.swift"; sourceTree = "<group>"; };
		A910FC372A5DEE7000D74FFF /* Persistence.swift */ = {isa = PBXFileReference; fileEncoding = 4; lastKnownFileType = sourcecode.swift; path = Persistence.swift; sourceTree = "<group>"; };
		A9ED35A62A5EDEBA00C9BEC8 /* DishCell.swift */ = {isa = PBXFileReference; fileEncoding = 4; lastKnownFileType = sourcecode.swift; path = DishCell.swift; sourceTree = "<group>"; };
		A9ED35AA2A5F1F3900C9BEC8 /* DishDetail.swift */ = {isa = PBXFileReference; lastKnownFileType = sourcecode.swift; path = DishDetail.swift; sourceTree = "<group>"; };
/* End PBXFileReference section */

/* Begin PBXFrameworksBuildPhase section */
		A910FBC72A5D86CF00D74FFF /* Frameworks */ = {
			isa = PBXFrameworksBuildPhase;
			buildActionMask = 2147483647;
			files = (
			);
			runOnlyForDeploymentPostprocessing = 0;
		};
/* End PBXFrameworksBuildPhase section */

/* Begin PBXGroup section */
		A910FBC12A5D86CF00D74FFF = {
			isa = PBXGroup;
			children = (
				A910FBCC2A5D86CF00D74FFF /* Little Lemon */,
				A910FBCB2A5D86CF00D74FFF /* Products */,
			);
			sourceTree = "<group>";
		};
		A910FBCB2A5D86CF00D74FFF /* Products */ = {
			isa = PBXGroup;
			children = (
				A910FBCA2A5D86CF00D74FFF /* Little Lemon.app */,
			);
			name = Products;
			sourceTree = "<group>";
		};
		A910FBCC2A5D86CF00D74FFF /* Little Lemon */ = {
			isa = PBXGroup;
			children = (
				A910FBDC2A5DE15A00D74FFF /* Model */,
				A910FBDB2A5DE15500D74FFF /* View */,
				A910FBCD2A5D86CF00D74FFF /* Little_LemonApp.swift */,
				A910FBD12A5D86D000D74FFF /* Assets.xcassets */,
				A910FBD32A5D86D000D74FFF /* Preview Content */,
			);
			path = "Little Lemon";
			sourceTree = "<group>";
		};
		A910FBD32A5D86D000D74FFF /* Preview Content */ = {
			isa = PBXGroup;
			children = (
				A910FBD42A5D86D000D74FFF /* Preview Assets.xcassets */,
			);
			path = "Preview Content";
			sourceTree = "<group>";
		};
		A910FBDB2A5DE15500D74FFF /* View */ = {
			isa = PBXGroup;
			children = (
				A910FBDF2A5DE26F00D74FFF /* Home.swift */,
				A910FBDD2A5DE16D00D74FFF /* Onboarding.swift */,
				A910FBE12A5DE91800D74FFF /* Menu.swift */,
				A9ED35A62A5EDEBA00C9BEC8 /* DishCell.swift */,
				A9ED35AA2A5F1F3900C9BEC8 /* DishDetail.swift */,
				A910FBE32A5DE9C500D74FFF /* UserProfile.swift */,
			);
			path = View;
			sourceTree = "<group>";
		};
		A910FBDC2A5DE15A00D74FFF /* Model */ = {
			isa = PBXGroup;
			children = (
				A910FBE52A5DEB3B00D74FFF /* Model.swift */,
				A910FBFE2A5DED1500D74FFF /* CORE DATA */,
			);
			path = Model;
			sourceTree = "<group>";
		};
		A910FBFE2A5DED1500D74FFF /* CORE DATA */ = {
			isa = PBXGroup;
			children = (
				A910FC372A5DEE7000D74FFF /* Persistence.swift */,
				A910FBFF2A5DED1500D74FFF /* FetchedObjects.swift */,
				A910FC012A5DED1500D74FFF /* ExampleDatabase.xcdatamodeld */,
				A910FC062A5DED1500D74FFF /* Dish+CoreDataClass.swift */,
				A910FC082A5DED1500D74FFF /* Dish+CoreDataProperties.swift */,
			);
			path = "CORE DATA";
			sourceTree = "<group>";
		};
/* End PBXGroup section */

/* Begin PBXNativeTarget section */
		A910FBC92A5D86CF00D74FFF /* Little Lemon */ = {
			isa = PBXNativeTarget;
			buildConfigurationList = A910FBD82A5D86D000D74FFF /* Build configuration list for PBXNativeTarget "Little Lemon" */;
			buildPhases = (
				A910FBC62A5D86CF00D74FFF /* Sources */,
				A910FBC72A5D86CF00D74FFF /* Frameworks */,
				A910FBC82A5D86CF00D74FFF /* Resources */,
			);
			buildRules = (
			);
			dependencies = (
			);
			name = "Little Lemon";
			productName = "Little Lemon";
			productReference = A910FBCA2A5D86CF00D74FFF /* Little Lemon.app */;
			productType = "com.apple.product-type.application";
		};
/* End PBXNativeTarget section */

/* Begin PBXProject section */
		A910FBC22A5D86CF00D74FFF /* Project object */ = {
			isa = PBXProject;
			attributes = {
				BuildIndependentTargetsInParallel = 1;
				LastSwiftUpdateCheck = 1430;
				LastUpgradeCheck = 1430;
				TargetAttributes = {
					A910FBC92A5D86CF00D74FFF = {
						CreatedOnToolsVersion = 14.3.1;
					};
				};
			};
			buildConfigurationList = A910FBC52A5D86CF00D74FFF /* Build configuration list for PBXProject "Little Lemon" */;
			compatibilityVersion = "Xcode 14.0";
			developmentRegion = en;
			hasScannedForEncodings = 0;
			knownRegions = (
				en,
				Base,
			);
			mainGroup = A910FBC12A5D86CF00D74FFF;
			productRefGroup = A910FBCB2A5D86CF00D74FFF /* Products */;
			projectDirPath = "";
			projectRoot = "";
			targets = (
				A910FBC92A5D86CF00D74FFF /* Little Lemon */,
			);
		};
/* End PBXProject section */

/* Begin PBXResourcesBuildPhase section */
		A910FBC82A5D86CF00D74FFF /* Resources */ = {
			isa = PBXResourcesBuildPhase;
			buildActionMask = 2147483647;
			files = (
				A910FBD52A5D86D000D74FFF /* Preview Assets.xcassets in Resources */,
				A910FBD22A5D86D000D74FFF /* Assets.xcassets in Resources */,
			);
			runOnlyForDeploymentPostprocessing = 0;
		};
/* End PBXResourcesBuildPhase section */

/* Begin PBXSourcesBuildPhase section */
		A910FBC62A5D86CF00D74FFF /* Sources */ = {
			isa = PBXSourcesBuildPhase;
			buildActionMask = 2147483647;
			files = (
				A910FBDE2A5DE16D00D74FFF /* Onboarding.swift in Sources */,
				A910FC382A5DEE7000D74FFF /* Persistence.swift in Sources */,
				A910FBE02A5DE26F00D74FFF /* Home.swift in Sources */,
				A910FC282A5DED1500D74FFF /* Dish+CoreDataClass.swift in Sources */,
				A910FC222A5DED1500D74FFF /* FetchedObjects.swift in Sources */,
				A910FBE42A5DE9C500D74FFF /* UserProfile.swift in Sources */,
				A9ED35A72A5EDEBA00C9BEC8 /* DishCell.swift in Sources */,
				A910FBE62A5DEB3B00D74FFF /* Model.swift in Sources */,
				A910FC2A2A5DED1500D74FFF /* Dish+CoreDataProperties.swift in Sources */,
				A910FBE22A5DE91800D74FFF /* Menu.swift in Sources */,
				A910FC242A5DED1500D74FFF /* ExampleDatabase.xcdatamodeld in Sources */,
				A9ED35AB2A5F1F3900C9BEC8 /* DishDetail.swift in Sources */,
				A910FBCE2A5D86CF00D74FFF /* Little_LemonApp.swift in Sources */,
			);
			runOnlyForDeploymentPostprocessing = 0;
		};
/* End PBXSourcesBuildPhase section */

/* Begin XCBuildConfiguration section */
		A910FBD62A5D86D000D74FFF /* Debug */ = {
			isa = XCBuildConfiguration;
			buildSettings = {
				ALWAYS_SEARCH_USER_PATHS = NO;
				CLANG_ANALYZER_NONNULL = YES;
				CLANG_ANALYZER_NUMBER_OBJECT_CONVERSION = YES_AGGRESSIVE;
				CLANG_CXX_LANGUAGE_STANDARD = "gnu++20";
				CLANG_ENABLE_MODULES = YES;
				CLANG_ENABLE_OBJC_ARC = YES;
				CLANG_ENABLE_OBJC_WEAK = YES;
				CLANG_WARN_BLOCK_CAPTURE_AUTORELEASING = YES;
				CLANG_WARN_BOOL_CONVERSION = YES;
				CLANG_WARN_COMMA = YES;
				CLANG_WARN_CONSTANT_CONVERSION = YES;
				CLANG_WARN_DEPRECATED_OBJC_IMPLEMENTATIONS = YES;
				CLANG_WARN_DIRECT_OBJC_ISA_USAGE = YES_ERROR;
				CLANG_WARN_DOCUMENTATION_COMMENTS = YES;
				CLANG_WARN_EMPTY_BODY = YES;
				CLANG_WARN_ENUM_CONVERSION = YES;
				CLANG_WARN_INFINITE_RECURSION = YES;
				CLANG_WARN_INT_CONVERSION = YES;
				CLANG_WARN_NON_LITERAL_NULL_CONVERSION = YES;
				CLANG_WARN_OBJC_IMPLICIT_RETAIN_SELF = YES;
				CLANG_WARN_OBJC_LITERAL_CONVERSION = YES;
				CLANG_WARN_OBJC_ROOT_CLASS = YES_ERROR;
				CLANG_WARN_QUOTED_INCLUDE_IN_FRAMEWORK_HEADER = YES;
				CLANG_WARN_RANGE_LOOP_ANALYSIS = YES;
				CLANG_WARN_STRICT_PROTOTYPES = YES;
				CLANG_WARN_SUSPICIOUS_MOVE = YES;
				CLANG_WARN_UNGUARDED_AVAILABILITY = YES_AGGRESSIVE;
				CLANG_WARN_UNREACHABLE_CODE = YES;
				CLANG_WARN__DUPLICATE_METHOD_MATCH = YES;
				COPY_PHASE_STRIP = NO;
				DEBUG_INFORMATION_FORMAT = dwarf;
				ENABLE_STRICT_OBJC_MSGSEND = YES;
				ENABLE_TESTABILITY = YES;
				GCC_C_LANGUAGE_STANDARD = gnu11;
				GCC_DYNAMIC_NO_PIC = NO;
				GCC_NO_COMMON_BLOCKS = YES;
				GCC_OPTIMIZATION_LEVEL = 0;
				GCC_PREPROCESSOR_DEFINITIONS = (
					"DEBUG=1",
					"$(inherited)",
				);
				GCC_WARN_64_TO_32_BIT_CONVERSION = YES;
				GCC_WARN_ABOUT_RETURN_TYPE = YES_ERROR;
				GCC_WARN_UNDECLARED_SELECTOR = YES;
				GCC_WARN_UNINITIALIZED_AUTOS = YES_AGGRESSIVE;
				GCC_WARN_UNUSED_FUNCTION = YES;
				GCC_WARN_UNUSED_VARIABLE = YES;
				IPHONEOS_DEPLOYMENT_TARGET = 16.4;
				MTL_ENABLE_DEBUG_INFO = INCLUDE_SOURCE;
				MTL_FAST_MATH = YES;
				ONLY_ACTIVE_ARCH = YES;
				SDKROOT = iphoneos;
				SWIFT_ACTIVE_COMPILATION_CONDITIONS = DEBUG;
				SWIFT_OPTIMIZATION_LEVEL = "-Onone";
			};
			name = Debug;
		};
		A910FBD72A5D86D000D74FFF /* Release */ = {
			isa = XCBuildConfiguration;
			buildSettings = {
				ALWAYS_SEARCH_USER_PATHS = NO;
				CLANG_ANALYZER_NONNULL = YES;
				CLANG_ANALYZER_NUMBER_OBJECT_CONVERSION = YES_AGGRESSIVE;
				CLANG_CXX_LANGUAGE_STANDARD = "gnu++20";
				CLANG_ENABLE_MODULES = YES;
				CLANG_ENABLE_OBJC_ARC = YES;
				CLANG_ENABLE_OBJC_WEAK = YES;
				CLANG_WARN_BLOCK_CAPTURE_AUTORELEASING = YES;
				CLANG_WARN_BOOL_CONVERSION = YES;
				CLANG_WARN_COMMA = YES;
				CLANG_WARN_CONSTANT_CONVERSION = YES;
				CLANG_WARN_DEPRECATED_OBJC_IMPLEMENTATIONS = YES;
				CLANG_WARN_DIRECT_OBJC_ISA_USAGE = YES_ERROR;
				CLANG_WARN_DOCUMENTATION_COMMENTS = YES;
				CLANG_WARN_EMPTY_BODY = YES;
				CLANG_WARN_ENUM_CONVERSION = YES;
				CLANG_WARN_INFINITE_RECURSION = YES;
				CLANG_WARN_INT_CONVERSION = YES;
				CLANG_WARN_NON_LITERAL_NULL_CONVERSION = YES;
				CLANG_WARN_OBJC_IMPLICIT_RETAIN_SELF = YES;
				CLANG_WARN_OBJC_LITERAL_CONVERSION = YES;
				CLANG_WARN_OBJC_ROOT_CLASS = YES_ERROR;
				CLANG_WARN_QUOTED_INCLUDE_IN_FRAMEWORK_HEADER = YES;
				CLANG_WARN_RANGE_LOOP_ANALYSIS = YES;
				CLANG_WARN_STRICT_PROTOTYPES = YES;
				CLANG_WARN_SUSPICIOUS_MOVE = YES;
				CLANG_WARN_UNGUARDED_AVAILABILITY = YES_AGGRESSIVE;
				CLANG_WARN_UNREACHABLE_CODE = YES;
				CLANG_WARN__DUPLICATE_METHOD_MATCH = YES;
				COPY_PHASE_STRIP = NO;
				DEBUG_INFORMATION_FORMAT = "dwarf-with-dsym";
				ENABLE_NS_ASSERTIONS = NO;
				ENABLE_STRICT_OBJC_MSGSEND = YES;
				GCC_C_LANGUAGE_STANDARD = gnu11;
				GCC_NO_COMMON_BLOCKS = YES;
				GCC_WARN_64_TO_32_BIT_CONVERSION = YES;
				GCC_WARN_ABOUT_RETURN_TYPE = YES_ERROR;
				GCC_WARN_UNDECLARED_SELECTOR = YES;
				GCC_WARN_UNINITIALIZED_AUTOS = YES_AGGRESSIVE;
				GCC_WARN_UNUSED_FUNCTION = YES;
				GCC_WARN_UNUSED_VARIABLE = YES;
				IPHONEOS_DEPLOYMENT_TARGET = 16.4;
				MTL_ENABLE_DEBUG_INFO = NO;
				MTL_FAST_MATH = YES;
				SDKROOT = iphoneos;
				SWIFT_COMPILATION_MODE = wholemodule;
				SWIFT_OPTIMIZATION_LEVEL = "-O";
				VALIDATE_PRODUCT = YES;
			};
			name = Release;
		};
		A910FBD92A5D86D000D74FFF /* Debug */ = {
			isa = XCBuildConfiguration;
			buildSettings = {
				ASSETCATALOG_COMPILER_APPICON_NAME = AppIcon;
				ASSETCATALOG_COMPILER_GLOBAL_ACCENT_COLOR_NAME = AccentColor;
				CODE_SIGN_STYLE = Automatic;
				CURRENT_PROJECT_VERSION = 1;
				DEVELOPMENT_ASSET_PATHS = "\"Little Lemon/Preview Content\"";
				ENABLE_PREVIEWS = YES;
				GENERATE_INFOPLIST_FILE = YES;
				INFOPLIST_KEY_UIApplicationSceneManifest_Generation = YES;
				INFOPLIST_KEY_UIApplicationSupportsIndirectInputEvents = YES;
				INFOPLIST_KEY_UILaunchScreen_Generation = YES;
				INFOPLIST_KEY_UISupportedInterfaceOrientations = UIInterfaceOrientationPortrait;
				LD_RUNPATH_SEARCH_PATHS = (
					"$(inherited)",
					"@executable_path/Frameworks",
				);
				MARKETING_VERSION = 1.0;
				PRODUCT_BUNDLE_IDENTIFIER = "com.coursera.Little-Lemon";
				PRODUCT_NAME = "$(TARGET_NAME)";
				SWIFT_EMIT_LOC_STRINGS = YES;
				SWIFT_VERSION = 5.0;
				TARGETED_DEVICE_FAMILY = "1,2";
			};
			name = Debug;
		};
		A910FBDA2A5D86D000D74FFF /* Release */ = {
			isa = XCBuildConfiguration;
			buildSettings = {
				ASSETCATALOG_COMPILER_APPICON_NAME = AppIcon;
				ASSETCATALOG_COMPILER_GLOBAL_ACCENT_COLOR_NAME = AccentColor;
				CODE_SIGN_STYLE = Automatic;
				CURRENT_PROJECT_VERSION = 1;
				DEVELOPMENT_ASSET_PATHS = "\"Little Lemon/Preview Content\"";
				ENABLE_PREVIEWS = YES;
				GENERATE_INFOPLIST_FILE = YES;
				INFOPLIST_KEY_UIApplicationSceneManifest_Generation = YES;
				INFOPLIST_KEY_UIApplicationSupportsIndirectInputEvents = YES;
				INFOPLIST_KEY_UILaunchScreen_Generation = YES;
				INFOPLIST_KEY_UISupportedInterfaceOrientations = UIInterfaceOrientationPortrait;
				LD_RUNPATH_SEARCH_PATHS = (
					"$(inherited)",
					"@executable_path/Frameworks",
				);
				MARKETING_VERSION = 1.0;
				PRODUCT_BUNDLE_IDENTIFIER = "com.coursera.Little-Lemon";
				PRODUCT_NAME = "$(TARGET_NAME)";
				SWIFT_EMIT_LOC_STRINGS = YES;
				SWIFT_VERSION = 5.0;
				TARGETED_DEVICE_FAMILY = "1,2";
			};
			name = Release;
		};
/* End XCBuildConfiguration section */

/* Begin XCConfigurationList section */
		A910FBC52A5D86CF00D74FFF /* Build configuration list for PBXProject "Little Lemon" */ = {
			isa = XCConfigurationList;
			buildConfigurations = (
				A910FBD62A5D86D000D74FFF /* Debug */,
				A910FBD72A5D86D000D74FFF /* Release */,
			);
			defaultConfigurationIsVisible = 0;
			defaultConfigurationName = Release;
		};
		A910FBD82A5D86D000D74FFF /* Build configuration list for PBXNativeTarget "Little Lemon" */ = {
			isa = XCConfigurationList;
			buildConfigurations = (
				A910FBD92A5D86D000D74FFF /* Debug */,
				A910FBDA2A5D86D000D74FFF /* Release */,
			);
			defaultConfigurationIsVisible = 0;
			defaultConfigurationName = Release;
		};
/* End XCConfigurationList section */

/* Begin XCVersionGroup section */
		A910FC012A5DED1500D74FFF /* ExampleDatabase.xcdatamodeld */ = {
			isa = XCVersionGroup;
			children = (
				A910FC022A5DED1500D74FFF /* MyApp.xcdatamodel */,
			);
			currentVersion = A910FC022A5DED1500D74FFF /* MyApp.xcdatamodel */;
			path = ExampleDatabase.xcdatamodeld;
			sourceTree = "<group>";
			versionGroupType = wrapper.xcdatamodel;
		};
/* End XCVersionGroup section */
	};
	rootObject = A910FBC22A5D86CF00D74FFF /* Project object */;
}
